
Microsoft Visual Studio Solution File, Format Version 12.00
# Visual Studio Version 17
VisualStudioVersion = 17.0.31903.59
MinimumVisualStudioVersion = 10.0.40219.1
Project("{FAE04EC0-301F-11D3-BF4B-00C04F79EFBC}") = "simple VB", "simple VB\simple VB.csproj", "{31DFD1B8-2B63-47CA-A529-AE001E968743}"
EndProject
Global
	GlobalSection(SolutionConfigurationPlatforms) = preSolution
		Debug|Any CPU = Debug|Any CPU
		Release|Any CPU = Release|Any CPU
	EndGlobalSection
	GlobalSection(ProjectConfigurationPlatforms) = postSolution
		{31DFD1B8-2B63-47CA-A529-AE001E968743}.Debug|Any CPU.ActiveCfg = Debug|Any CPU
		{31DFD1B8-2B63-47CA-A529-AE001E968743}.Debug|Any CPU.Build.0 = Debug|Any CPU
		{31DFD1B8-2B63-47CA-A529-AE001E968743}.Release|Any CPU.ActiveCfg = Release|Any CPU
		{31DFD1B8-2B63-47CA-A529-AE001E968743}.Release|Any CPU.Build.0 = Release|Any CPU
	EndGlobalSection
	GlobalSection(SolutionProperties) = preSolution
		HideSolutionNode = FALSE
	EndGlobalSection
	GlobalSection(ExtensibilityGlobals) = postSolution
		SolutionGuid = {B9798F63-B961-488A-8665-074883E9E3CB}
	EndGlobalSection
EndGlobal
